github.com/BurntSushi/toml v0.3.0/go.mod h1:xHWCNGjB5oqiDr8zfno3MHue2Ht5sIBksp03qcyfWMU=
github.com/aws/aws-sdk-go v1.15.21 h1:STLvc6RrpycslC1NRtTvt/YSgDkIGCTrB9K9vE5R2oQ=
github.com/aws/aws-sdk-go v1.15.21/go.mod h1:mFuSZ37Z9YOHbQEwBWztmVzqXrEkub65tZoCYDt7FT0=
github.com/bgentry/go-netrc v0.0.0-20140422174119-9fd32a8b3d3d h1:xDfNPAt8lFiC1UJrqV3uuy861HCTo708pDMbjHHdCas=
github.com/bgentry/go-netrc v0.0.0-20140422174119-9fd32a8b3d3d/go.mod h1:6QX/PXZ00z/TKoufEY6K/a0k6AhaJrQKdFe6OfVXsa4=
github.com/cloudfoundry/jibber_jabber v0.0.0-20151120183258-bcc4c8345a21 h1:tuijfIjZyjZaHq9xDUh0tNitwXshJpbLkqMOJv4H3do=
github.com/cloudfoundry/jibber_jabber v0.0.0-20151120183258-bcc4c8345a21/go.mod h1:po7NpZ/QiTKzBKyrsEAxwnTamCoh8uDk/egRpQ7siIc=
github.com/davecgh/go-spew v1.1.0/go.mod h1:J7Y8YcW2NihsgmVo/mv3lAwl/skON4iLHjSsI+c5H38=
github.com/emirpasic/gods v1.9.0 h1:rUF4PuzEjMChMiNsVjdI+SyLu7rEqpQ5reNFnhC7oFo=
github.com/emirpasic/gods v1.9.0/go.mod h1:YfzfFFoVP/catgzJb4IKIqXjX78Ha8FMSDh3ymbK86o=
github.com/fatih/color v1.7.0 h1:DkWD4oS2D8LGGgTQ6IvwJJXSL5Vp2ffcQg58nFV38Ys=
github.com/fatih/color v1.7.0/go.mod h1:Zm6kSWBoL9eyXnKyktHP6abPY2pDugNf5KwzbycvMj4=
github.com/fsnotify/fsnotify v1.4.7 h1:IXs+QLmnXW2CcXuY+8Mzv/fWEsPGWxqefPtCP5CnV9I=
github.com/fsnotify/fsnotify v1.4.7/go.mod h1:jwhsz4b93w/PPRr/qN1Yymfu8t87LnFCMoQvtojpjFo=
github.com/go-errors/errors v1.0.1 h1:LUHzmkK3GUKUrL/1gfBUxAHzcev3apQlezX/+O7ma6w=
github.com/go-errors/errors v1.0.1/go.mod h1:f4zRHt4oKfwPJE5k8C9vpYG+aDHdBFUsgrm6/TyX73Q=
github.com/go-ini/ini v1.25.4/go.mod h1:ByCAeIL28uOIIG0E3PJtZPDL8WnHpFKFOtgjp+3Ies8=
github.com/go-ini/ini v1.38.2 h1:6Hl/z3p3iFkA0dlDfzYxuFuUGD+kaweypF6btsR2/Q4=
github.com/go-ini/ini v1.38.2/go.mod h1:ByCAeIL28uOIIG0E3PJtZPDL8WnHpFKFOtgjp+3Ies8=
github.com/golang-collections/collections v0.0.0-20130729185459-604e922904d3 h1:zN2lZNZRflqFyxVaTIU61KNKQ9C0055u9CAfpmqUvo4=
github.com/golang-collections/collections v0.0.0-20130729185459-604e922904d3/go.mod h1:nPpo7qLxd6XL3hWJG/O60sR8ZKfMCiIoNap5GvD12KU=
github.com/hashicorp/go-cleanhttp v0.0.0-20171218145408-d5fe4b57a186 h1:URgjUo+bs1KwatoNbwG0uCO4dHN4r1jsp4a5AGgHRjo=
github.com/hashicorp/go-cleanhttp v0.0.0-20171218145408-d5fe4b57a186/go.mod h1:JpRdi6/HCYpAwUzNwuwqhbovhLtngrth3wmdIIUrZ80=
github.com/hashicorp/go-getter v0.0.0-20180809191950-4bda8fa99001 h1:MFPzqpPED05pFyGjNPJEC2sXM6EHTzFyvX+0s0JoZ48=
github.com/hashicorp/go-getter v0.0.0-20180809191950-4bda8fa99001/go.mod h1:6rdJFnhkXnzGOJbvkrdv4t9nLwKcVA+tmbQeUlkIzrU=
github.com/hashicorp/go-safetemp v0.0.0-20180326211150-b1a1dbde6fdc h1:wAa9fGALVHfjYxZuXRnmuJG2CnwRpJYOTvY6YdErAh0=
github.com/hashicorp/go-safetemp v0.0.0-20180326211150-b1a1dbde6fdc/go.mod h1:oaerMy3BhqiTbVye6QuFhFtIceqFoDHxNAB65b+Rj1I=
github.com/hashicorp/go-version v1.0.0 h1:21MVWPKDphxa7ineQQTrCU5brh7OuVVAzGOCnnCPtE8=
github.com/hashicorp/go-version v1.0.0/go.mod h1:fltr4n8CU8Ke44wwGCBoEymUuxUHl09ZGVZPK5anwXA=
github.com/hashicorp/hcl v0.0.0-20180404174102-ef8a98b0bbce h1:xdsDDbiBDQTKASoGEZ+pEmF1OnWuu8AQ9I8iNbHNeno=
github.com/hashicorp/hcl v0.0.0-20180404174102-ef8a98b0bbce/go.mod h1:oZtUIOe8dh44I2q6ScRibXws4Ajl+d+nod3AaR9vL5w=
github.com/heroku/rollrus v0.0.0-20180515183152-fc0cef2ff331 h1:qio0y/sQdhbHRA3cmgczo04MaSV2zw+n46G1owvgWIk=
github.com/heroku/rollrus v0.0.0-20180515183152-fc0cef2ff331/go.mod h1:BT+PgT529opmb6mcUY+Fg0IwVRRmwqFyavEMU17GnBg=
github.com/jbenet/go-context v0.0.0-20150711004518-d14ea06fba99 h1:BQSFePA1RWJOlocH6Fxy8MmwDt+yVQYULKfN0RoTN8A=
github.com/jbenet/go-context v0.0.0-20150711004518-d14ea06fba99/go.mod h1:1lJo3i6rXxKeerYnT8Nvf0QmHCRC1n8sfWVwXF2Frvo=
github.com/jesseduffield/go-getter v0.0.0-20180822080847-906e15686e63 h1:Nrr/yUxNjXWYK0B3IqcFlYh1ICnesJDB4ogcfOVc5Ns=
github.com/jesseduffield/go-getter v0.0.0-20180822080847-906e15686e63/go.mod h1:fNqjRf+4XnTo2PrGN1JRb79b/BeoHwP4lU00f39SQY0=
github.com/jesseduffield/gocui v0.0.0-20190305102456-f0f0ab442e6c h1:ZmCZFQukfddcISnY8R5YYMCYJX0mc1Wfmq/MhEQViUE=
github.com/jesseduffield/gocui v0.0.0-20190305102456-f0f0ab442e6c/go.mod h1:2RtZznzYKt8RLRwvFiSkXjU0Ei8WwHdubgnlaYH47dw=
github.com/jesseduffield/pty v0.0.0-20181218102224-02db52c7e406 h1:iYMH6h6SuWuBkIzRtymosE8NpSgTK0oRMfyTdVWgxzc=
github.com/jesseduffield/pty v0.0.0-20181218102224-02db52c7e406/go.mod h1:7jlS40+UhOqkZJDIG1B/H21xnuET/+fvbbnHCa8wSIo=
github.com/jesseduffield/termbox-go v0.0.0-20180919093808-1e272ff78dcb h1:cFHYEWpQEfzFZVKiKZytCUX4UwQixKSw0kd3WhluPsY=
github.com/jesseduffield/termbox-go v0.0.0-20180919093808-1e272ff78dcb/go.mod h1:anMibpZtqNxjDbxrcDEAwSdaJ37vyUeM1f/M4uekib4=
github.com/jmespath/go-jmespath v0.0.0-20160202185014-0b12d6b521d8 h1:12VvqtR6Aowv3l/EQUlocDHW2Cp4G9WJVH7uyH8QFJE=
github.com/jmespath/go-jmespath v0.0.0-20160202185014-0b12d6b521d8/go.mod h1:Nht3zPeWKUH0NzdCt2Blrr5ys8VGpn0CEB0cQHVjt7k=
github.com/kardianos/osext v0.0.0-20170510131534-ae77be60afb1 h1:PJPDf8OUfOK1bb/NeTKd4f1QXZItOX389VN3B6qC8ro=
github.com/kardianos/osext v0.0.0-20170510131534-ae77be60afb1/go.mod h1:1NbS8ALrpOvjt0rHPNLyCIeMtbizbir8U//inJ+zuB8=
github.com/kevinburke/ssh_config v0.0.0-20180317175531-9fc7bb800b55 h1:S38dC4mEwxdw/U41+97VWdbun8mTcTjwg5Ujfg8QPME=
github.com/kevinburke/ssh_config v0.0.0-20180317175531-9fc7bb800b55/go.mod h1:CT57kijsi8u/K/BOFA39wgDQJ9CxiF4nAY/ojJ6r6mM=
github.com/magiconair/properties v1.8.0 h1:LLgXmsheXeRoUOBOjtwPQCWIYqM/LU1ayDtDePerRcY=
github.com/magiconair/properties v1.8.0/go.mod h1:PppfXfuXeibc/6YijjN8zIbojt8czPbwD3XqdrwzmxQ=
github.com/mattn/go-colorable v0.0.9 h1:UVL0vNpWh04HeJXV0KLcaT7r06gOH2l4OW6ddYRUIY4=
github.com/mattn/go-colorable v0.0.9/go.mod h1:9vuHe8Xs5qXnSaW/c/ABM9alt+Vo+STaOChaDxuIBZU=
github.com/mattn/go-isatty v0.0.3 h1:ns/ykhmWi7G9O+8a448SecJU3nSMBXJfqQkl0upE1jI=
github.com/mattn/go-isatty v0.0.3/go.mod h1:M+lRXTBqGeGNdLjl/ufCoiOlB5xdOkqRJdNxMWT7Zi4=
github.com/mattn/go-runewidth v0.0.2 h1:UnlwIPBGaTZfPQ6T1IGzPI0EkYAQmT9fAEJ/poFC63o=
github.com/mattn/go-runewidth v0.0.2/go.mod h1:LwmH8dsx7+W8Uxz3IHJYH5QSwggIsqBzpuz5H//U1FU=
github.com/mgutz/str v1.2.0 h1:4IzWSdIz9qPQWLfKZ0rJcV0jcUDpxvP4JVZ4GXQyvSw=
github.com/mgutz/str v1.2.0/go.mod h1:w1v0ofgLaJdoD0HpQ3fycxKD1WtxpjSo151pK/31q6w=
github.com/mitchellh/go-homedir v0.0.0-20180801233206-58046073cbff h1:jM4Eo4qMmmcqePS3u6X2lcEELtVuXWkWJIS/pRI3oSk=
github.com/mitchellh/go-homedir v0.0.0-20180801233206-58046073cbff/go.mod h1:SfyaCUpYCn1Vlf4IUYiD9fPX4A5wJrkLzIz1N1q0pr0=
github.com/mitchellh/go-testing-interface v0.0.0-20171004221916-a61a99592b77 h1:7GoSOOW2jpsfkntVKaS2rAr1TJqfcxotyaUcuxoZSzg=
github.com/mitchellh/go-testing-interface v0.0.0-20171004221916-a61a99592b77/go.mod h1:kRemZodwjscx+RGhAo8eIhFbs2+BFgRtFPeD/KE+zxI=
github.com/mitchellh/mapstructure v0.0.0-20180715050151-f15292f7a699 h1:KXZJFdun9knAVAR8tg/aHJEr5DgtcbqyvzacK+CDCaI=
github.com/mitchellh/mapstructure v0.0.0-20180715050151-f15292f7a699/go.mod h1:FVVH3fgwuzCH5S8UJGiWEs2h04kUh9fWfEaFds41c1Y=
github.com/nicksnyder/go-i18n v0.0.0-20180803040939-a16b91a3ba80 h1:7ory6RlsEkeK89iyV7Imz3sVz8YHeSw29w3PehpCWC0=
github.com/nicksnyder/go-i18n v0.0.0-20180803040939-a16b91a3ba80/go.mod h1:e4Di5xjP9oTVrC6y3C7C0HoSYXjSbhh/dU0eUV32nB4=
github.com/nicksnyder/go-i18n/v2 v2.0.0-beta.6 h1:SooTCzUOOs899x/M7gmSS+dgL+AUfSWqAcHLN3auCic=
github.com/nicksnyder/go-i18n/v2 v2.0.0-beta.6/go.mod h1:4Opqa6/HIv0lhG3WRAkqzO0afezkRhxXI0P8EJkqeRU=
github.com/pelletier/go-buffruneio v0.2.0 h1:U4t4R6YkofJ5xHm3dJzuRpPZ0mr5MMCoAWooScCR7aA=
github.com/pelletier/go-buffruneio v0.2.0/go.mod h1:JkE26KsDizTr40EUHkXVtNPvgGtbSNq5BcowyYOWdKo=
github.com/pelletier/go-toml v1.2.0 h1:T5zMGML61Wp+FlcbWjRDT7yAxhJNAiPPLOFECq181zc=
github.com/pelletier/go-toml v1.2.0/go.mod h1:5z9KED0ma1S8pY6P1sdut58dfprrGBbd/94hg7ilaic=
github.com/pkg/errors v0.8.0 h1:WdK/asTD0HN+q6hsWO3/vpuAkAr+tw6aNJNDFFf0+qw=
github.com/pkg/errors v0.8.0/go.mod h1:bwawxfHBFNV+L2hUp1rHADufV3IMtnDRdf1r5NINEl0=
github.com/pmezard/go-difflib v1.0.0/go.mod h1:iKH77koFhYxTK1pcRnkKkqfTogsbg7gZNVY4sRDYZ/4=
github.com/sergi/go-diff v1.0.0 h1:Kpca3qRNrduNnOQeazBd0ysaKrUJiIuISHxogkT9RPQ=
github.com/sergi/go-diff v1.0.0/go.mod h1:0CfEIISq7TuYL3j771MWULgwwjU+GofnZX9QAmXWZgo=
github.com/shibukawa/configdir v0.0.0-20170330084843-e180dbdc8da0 h1:Xuk8ma/ibJ1fOy4Ee11vHhUFHQNpHhrBneOCNHVXS5w=
github.com/shibukawa/configdir v0.0.0-20170330084843-e180dbdc8da0/go.mod h1:7AwjWCpdPhkSmNAgUv5C7EJ4AbmjEB3r047r3DXWu3Y=
github.com/sirupsen/logrus v1.0.6 h1:hcP1GmhGigz/O7h1WVUM5KklBp1JoNS9FggWKdj/j3s=
github.com/sirupsen/logrus v1.0.6/go.mod h1:pMByvHTf9Beacp5x1UXfOR9xyW/9antXMhjMPG0dEzc=
github.com/spf13/afero v1.1.1 h1:Lt3ihYMlE+lreX1GS4Qw4ZsNpYQLxIXKBTEOXm3nt6I=
github.com/spf13/afero v1.1.1/go.mod h1:j4pytiNVoe2o6bmDsKpLACNPDBIoEAkihy7loJ1B0CQ=
github.com/spf13/cast v1.2.0 h1:HHl1DSRbEQN2i8tJmtS6ViPyHx35+p51amrdsiTCrkg=
github.com/spf13/cast v1.2.0/go.mod h1:r2rcYCSwa1IExKTDiTfzaxqT2FNHs8hODu4LnUfgKEg=
github.com/spf13/jwalterweatherman v0.0.0-20180814060501-14d3d4c51834 h1:kJI9pPzfsULT/72wy7mxkRQZPtKWgFdCA2RTGZ4v8/E=
github.com/spf13/jwalterweatherman v0.0.0-20180814060501-14d3d4c51834/go.mod h1:cQK4TGJAtQXfYWX+Ddv3mKDzgVb68N+wFjFa4jdeBTo=
github.com/spf13/pflag v1.0.2 h1:Fy0orTDgHdbnzHcsOgfCN4LtHf0ec3wwtiwJqwvf3Gc=
github.com/spf13/pflag v1.0.2/go.mod h1:DYY7MBk1bdzusC3SYhjObp+wFpr4gzcvqqNjLnInEg4=
github.com/spf13/viper v1.1.0 h1:V7OZpY8i3C1x/pDmU0zNNlfVoDz112fSYvtWMjjS3f4=
github.com/spf13/viper v1.1.0/go.mod h1:A8kyI5cUJhb8N+3pkfONlcEcZbueH6nhAm0Fq7SrnBM=
github.com/spkg/bom v0.0.0-20160624110644-59b7046e48ad h1:fiWzISvDn0Csy5H0iwgAuJGQTUpVfEMJJd4nRFXogbc=
github.com/spkg/bom v0.0.0-20160624110644-59b7046e48ad/go.mod h1:qLr4V1qq6nMqFKkMo8ZTx3f+BZEkzsRUY10Xsm2mwU0=
github.com/src-d/gcfg v1.3.0 h1:2BEDr8r0I0b8h/fOqwtxCEiq2HJu8n2JGZJQFGXWLjg=
github.com/src-d/gcfg v1.3.0/go.mod h1:p/UMsR43ujA89BJY9duynAwIpvqEujIH/jFlfL7jWoI=
github.com/stretchr/testify v1.2.2/go.mod h1:a8OnRcib4nhh0OaRAV+Yts87kKdq0PP7pXfy6kDkUVs=
github.com/stvp/roll v0.0.0-20170522205222-3627a5cbeaea h1:jysxIKov/4GJ33wI2aRvuIK7yBwB28E5almlgDLPRpM=
github.com/stvp/roll v0.0.0-20170522205222-3627a5cbeaea/go.mod h1:Ffmqrj3nXIMIjeA4uW3Qjj0Ud9eDoTG0fu4JxyAr/tE=
github.com/tcnksm/go-gitconfig v0.1.2 h1:iiDhRitByXAEyjgBqsKi9QU4o2TNtv9kPP3RgPgXBPw=
github.com/tcnksm/go-gitconfig v0.1.2/go.mod h1:/8EhP4H7oJZdIPyT+/UIsG87kTzrzM4UsLGSItWYCpE=
github.com/ulikunitz/xz v0.5.4 h1:zATC2OoZ8H1TZll3FpbX+ikwmadbO699PE06cIkm9oU=
github.com/ulikunitz/xz v0.5.4/go.mod h1:2bypXElzHzzJZwzH67Y6wb67pO62Rzfn7BSiF4ABRW8=
github.com/xanzy/ssh-agent v0.2.0 h1:Adglfbi5p9Z0BmK2oKU9nTG+zKfniSfnaMYB+ULd+Ro=
github.com/xanzy/ssh-agent v0.2.0/go.mod h1:0NyE30eGUDliuLEHJgYte/zncp2zdTStcOnWhgSqHD8=
golang.org/x/crypto v0.0.0-20180808211826-de0752318171 h1:vYogbvSFj2YXcjQxFHu/rASSOt9sLytpCaSkiwQ135I=
golang.org/x/crypto v0.0.0-20180808211826-de0752318171/go.mod h1:6SG95UA2DQfeDnfUPMdvaQW0Q7yPrPDi9nlGo2tz2b4=
golang.org/x/net v0.0.0-20180811021610-c39426892332 h1:efGso+ep0DjyCBJPjvoz0HI6UldX4Md2F1rZFe1ir0E=
golang.org/x/net v0.0.0-20180811021610-c39426892332/go.mod h1:mL1N/T3taQHkDXs73rZJwtUhF3w3ftmwwsq0BUmARs4=
golang.org/x/sys v0.0.0-20180810173357-98c5dad5d1a0 h1:8H8QZJ30plJyIVj60H3lr8TZGIq2Fh3Cyrs/ZNg1foU=
golang.org/x/sys v0.0.0-20180810173357-98c5dad5d1a0/go.mod h1:STP8DvDyc/dI5b8T5hshtkjS+E42TnysNCUPdjciGhY=
golang.org/x/text v0.0.0-20171214130843-f21a4dfb5e38/go.mod h1:NqM8EUOU14njkJ3fqMW+pc6Ldnwhi/IjpwHt7yyuwOQ=
golang.org/x/text v0.3.0 h1:g61tztE5qeGQ89tm6NTjjM9VPIm088od1l6aSorWRWg=
golang.org/x/text v0.3.0/go.mod h1:NqM8EUOU14njkJ3fqMW+pc6Ldnwhi/IjpwHt7yyuwOQ=
gopkg.in/check.v1 v0.0.0-20161208181325-20d25e280405/go.mod h1:Co6ibVJAznAaIkqp8huTwlJQCZ016jof/cbN4VW5Yz0=
gopkg.in/src-d/go-billy.v4 v4.2.0 h1:VGbrP1EsYxtvVPEiHui+4//imr4E5MGEFLx66bQtusg=
gopkg.in/src-d/go-billy.v4 v4.2.0/go.mod h1:ZHSF0JP+7oD97194otDUCD7Ofbk63+xFcfWP5bT6h+Q=
gopkg.in/src-d/go-git.v4 v4.0.0-20180807092216-43d17e14b714 h1:+wM2BGgQ1znCKBexOB4OrGVSDw8mtKNUSq3wqxZhi/k=
gopkg.in/src-d/go-git.v4 v4.0.0-20180807092216-43d17e14b714/go.mod h1:CzbUWqMn4pvmvndg3gnh5iZFmSsbhyhUWdI0IQ60AQo=
gopkg.in/warnings.v0 v0.1.2 h1:wFXVbFY8DY5/xOe1ECiWdKCzZlxgshcYVNkBHstARME=
gopkg.in/warnings.v0 v0.1.2/go.mod h1:jksf8JmL6Qr/oQM2OXTHunEvvTAsrWBLb6OOjuVWRNI=
gopkg.in/yaml.v2 v2.2.1 h1:mUhvW9EsL+naU5Q3cakzfE91YhliOondGd6ZrsDBHQE=
gopkg.in/yaml.v2 v2.2.1/go.mod h1:hI93XBmqTisBFMUTm0b8Fm+jr3Dg1NNxqwp+5A1VGuI=
