# This file is autogenerated, do not edit; changes may be undone by the next 'dep ensure'.


[[projects]]
  digest = "1:ade392a843b2035effb4b4a2efa2c3bab3eb29b992e98bacf9c898b0ecb54e45"
  name = "github.com/fatih/color"
  packages = ["."]
  pruneopts = "NUT"
  revision = "5b77d2a35fb0ede96d138fc9a99f5c9b6aef11b4"
  version = "v1.7.0"

[[projects]]
  branch = "master"
  digest = "1:4a8ed9b8cf22bd03bee5d74179fa06a282e4a73b6de949f7a865ff56cd2537e0"
  name = "github.com/golang-collections/collections"
  packages = ["stack"]
  pruneopts = "NUT"
  revision = "604e922904d35e97f98a774db7881f049cd8d970"

[[projects]]
  branch = "master"
  digest = "1:82b3bbc50ba7b6065b0229ebf0fc990a76e47410acd510294e435aeb3523293e"
  name = "github.com/jesseduffield/gocui"
  packages = ["."]
  pruneopts = "NUT"
  revision = "3c923f53ac9952af649af04a067405843558d56f"

[[projects]]
  digest = "1:08c231ec84231a7e23d67e4b58f975e1423695a32467a362ee55a803f9de8061"
  name = "github.com/mattn/go-colorable"
  packages = ["."]
  pruneopts = "NUT"
  revision = "167de6bfdfba052fa6b2d3664c8f5272e23c9072"
  version = "v0.0.9"

[[projects]]
  digest = "1:bc4f7eec3b7be8c6cb1f0af6c1e3333d5bb71072951aaaae2f05067b0803f287"
  name = "github.com/mattn/go-isatty"
  packages = ["."]
  pruneopts = "NUT"
  revision = "0360b2af4f38e8d38c7fce2a9f4e702702d73a39"
  version = "v0.0.3"

[[projects]]
  digest = "1:cb591533458f6eb6e2c1065ff3eac6b50263d7847deb23fc9f79b25bc608970e"
  name = "github.com/mattn/go-runewidth"
  packages = ["."]
  pruneopts = "NUT"
  revision = "9e777a8366cce605130a531d2cd6363d07ad7317"
  version = "v0.0.2"

[[projects]]
  branch = "master"
  digest = "1:34d9354c2c5d916c05864327553047df59fc10e86ff1f408e4136eba0a25a5ec"
  name = "github.com/nsf/termbox-go"
  packages = ["."]
  pruneopts = "NUT"
  revision = "5c94acc5e6eb520f1bcd183974e01171cc4c23b3"

[[projects]]
  branch = "master"
  digest = "1:4d8a79fbc6fa348fc94afa4235947c5196b7900ed71b94aa5fcbc7e273d150e1"
  name = "golang.org/x/sys"
  packages = ["unix"]
  pruneopts = "NUT"
  revision = "0ffbfd41fbef8ffcf9b62b0b0aa3a5873ed7a4fe"

[solve-meta]
  analyzer-name = "dep"
  analyzer-version = 1
  input-imports = [
    "github.com/fatih/color",
    "github.com/golang-collections/collections/stack",
    "github.com/jesseduffield/gocui",
  ]
  solver-name = "gps-cdcl"
  solver-version = 1
